
Microsoft Visual Studio Solution File, Format Version 12.00
# Visual Studio Version 17
VisualStudioVersion = 17.3.32929.385
MinimumVisualStudioVersion = 10.0.40219.1
Project("{FAE04EC0-301F-11D3-BF4B-00C04F79EFBC}") = "RobloxFileFormat", "RobloxFileFormat.csproj", "{CF50C0E2-23A7-4DC1-B4B2-E60CDE716253}"
EndProject
Project("{9A19103F-16F7-4668-BE54-9A1E7A4F7556}") = "RobloxFileFormat.UnitTest", "UnitTest\RobloxFileFormat.UnitTest.csproj", "{E9FF1680-6FB9-41CD-9A73-7D072CB91118}"
EndProject
Global
	GlobalSection(SolutionConfigurationPlatforms) = preSolution
		Debug|Any CPU = Debug|Any CPU
		Debug|x64 = Debug|x64
		Release|Any CPU = Release|Any CPU
		Release|x64 = Release|x64
	EndGlobalSection
	GlobalSection(ProjectConfigurationPlatforms) = postSolution
		{CF50C0E2-23A7-4DC1-B4B2-E60CDE716253}.Debug|Any CPU.ActiveCfg = Debug|Any CPU
		{CF50C0E2-23A7-4DC1-B4B2-E60CDE716253}.Debug|Any CPU.Build.0 = Debug|Any CPU
		{CF50C0E2-23A7-4DC1-B4B2-E60CDE716253}.Debug|x64.ActiveCfg = Debug|x64
		{CF50C0E2-23A7-4DC1-B4B2-E60CDE716253}.Debug|x64.Build.0 = Debug|x64
		{CF50C0E2-23A7-4DC1-B4B2-E60CDE716253}.Release|Any CPU.ActiveCfg = Release|Any CPU
		{CF50C0E2-23A7-4DC1-B4B2-E60CDE716253}.Release|Any CPU.Build.0 = Release|Any CPU
		{CF50C0E2-23A7-4DC1-B4B2-E60CDE716253}.Release|x64.ActiveCfg = Release|x64
		{CF50C0E2-23A7-4DC1-B4B2-E60CDE716253}.Release|x64.Build.0 = Release|x64
		{E9FF1680-6FB9-41CD-9A73-7D072CB91118}.Debug|Any CPU.ActiveCfg = Debug|Any CPU
		{E9FF1680-6FB9-41CD-9A73-7D072CB91118}.Debug|Any CPU.Build.0 = Debug|Any CPU
		{E9FF1680-6FB9-41CD-9A73-7D072CB91118}.Debug|x64.ActiveCfg = Debug|x64
		{E9FF1680-6FB9-41CD-9A73-7D072CB91118}.Debug|x64.Build.0 = Debug|x64
		{E9FF1680-6FB9-41CD-9A73-7D072CB91118}.Release|Any CPU.ActiveCfg = Release|Any CPU
		{E9FF1680-6FB9-41CD-9A73-7D072CB91118}.Release|Any CPU.Build.0 = Release|Any CPU
		{E9FF1680-6FB9-41CD-9A73-7D072CB91118}.Release|x64.ActiveCfg = Release|x64
		{E9FF1680-6FB9-41CD-9A73-7D072CB91118}.Release|x64.Build.0 = Release|x64
	EndGlobalSection
	GlobalSection(SolutionProperties) = preSolution
		HideSolutionNode = FALSE
	EndGlobalSection
	GlobalSection(ExtensibilityGlobals) = postSolution
		SolutionGuid = {D3301D5B-7D5A-429E-A2FC-AA83B2414EE3}
	EndGlobalSection
EndGlobal
